// !$*UTF8*$!
{
	archiveVersion = 1;
	classes = {
	};
	objectVersion = 46;
	objects = {

/* Begin PBXBuildFile section */
		C421C4D11F0B943B002832D2 /* AppDelegate.swift in Sources */ = {isa = PBXBuildFile; fileRef = C421C4D01F0B943B002832D2 /* AppDelegate.swift */; };
		C421C4D31F0B943B002832D2 /* ViewController.swift in Sources */ = {isa = PBXBuildFile; fileRef = C421C4D21F0B943B002832D2 /* ViewController.swift */; };
		C421C4D81F0B943B002832D2 /* Assets.xcassets in Resources */ = {isa = PBXBuildFile; fileRef = C421C4D71F0B943B002832D2 /* Assets.xcassets */; };
		C421C4E51F0B9B37002832D2 /* ResultViewController.swift in Sources */ = {isa = PBXBuildFile; fileRef = C421C4E41F0B9B37002832D2 /* ResultViewController.swift */; };
		C421C4E71F0E24EF002832D2 /* DetailViewController.swift in Sources */ = {isa = PBXBuildFile; fileRef = C421C4E61F0E24EF002832D2 /* DetailViewController.swift */; };
/* End PBXBuildFile section */

/* Begin PBXFileReference section */
		C421C4CD1F0B943B002832D2 /* pets.app */ = {isa = PBXFileReference; explicitFileType = wrapper.application; includeInIndex = 0; path = pets.app; sourceTree = BUILT_PRODUCTS_DIR; };
		C421C4D01F0B943B002832D2 /* AppDelegate.swift */ = {isa = PBXFileReference; lastKnownFileType = sourcecode.swift; path = AppDelegate.swift; sourceTree = "<group>"; };
		C421C4D21F0B943B002832D2 /* ViewController.swift */ = {isa = PBXFileReference; lastKnownFileType = sourcecode.swift; path = ViewController.swift; sourceTree = "<group>"; };
		C421C4D71F0B943B002832D2 /* Assets.xcassets */ = {isa = PBXFileReference; lastKnownFileType = folder.assetcatalog; path = Assets.xcassets; sourceTree = "<group>"; };
		C421C4DC1F0B943B002832D2 /* Info.plist */ = {isa = PBXFileReference; lastKnownFileType = text.plist.xml; path = Info.plist; sourceTree = "<group>"; };
		C421C4E41F0B9B37002832D2 /* ResultViewController.swift */ = {isa = PBXFileReference; fileEncoding = 4; lastKnownFileType = sourcecode.swift; path = ResultViewController.swift; sourceTree = "<group>"; };
		C421C4E61F0E24EF002832D2 /* DetailViewController.swift */ = {isa = PBXFileReference; fileEncoding = 4; lastKnownFileType = sourcecode.swift; path = DetailViewController.swift; sourceTree = "<group>"; };
/* End PBXFileReference section */

/* Begin PBXFrameworksBuildPhase section */
		C421C4CA1F0B943B002832D2 /* Frameworks */ = {
			isa = PBXFrameworksBuildPhase;
			buildActionMask = 2147483647;
			files = (
			);
			runOnlyForDeploymentPostprocessing = 0;
		};
/* End PBXFrameworksBuildPhase section */

/* Begin PBXGroup section */
		C421C4C41F0B943B002832D2 = {
			isa = PBXGroup;
			children = (
				C421C4CF1F0B943B002832D2 /* pets */,
				C421C4CE1F0B943B002832D2 /* Products */,
			);
			sourceTree = "<group>";
		};
		C421C4CE1F0B943B002832D2 /* Products */ = {
			isa = PBXGroup;
			children = (
				C421C4CD1F0B943B002832D2 /* pets.app */,
			);
			name = Products;
			sourceTree = "<group>";
		};
		C421C4CF1F0B943B002832D2 /* pets */ = {
			isa = PBXGroup;
			children = (
				C421C4D01F0B943B002832D2 /* AppDelegate.swift */,
				C421C4D21F0B943B002832D2 /* ViewController.swift */,
				C421C4E41F0B9B37002832D2 /* ResultViewController.swift */,
				C421C4E61F0E24EF002832D2 /* DetailViewController.swift */,
				C421C4D71F0B943B002832D2 /* Assets.xcassets */,
				C421C4DC1F0B943B002832D2 /* Info.plist */,
			);
			path = pets;
			sourceTree = "<group>";
		};
/* End PBXGroup section */

/* Begin PBXNativeTarget section */
		C421C4CC1F0B943B002832D2 /* pets */ = {
			isa = PBXNativeTarget;
			buildConfigurationList = C421C4DF1F0B943B002832D2 /* Build configuration list for PBXNativeTarget "pets" */;
			buildPhases = (
				C421C4C91F0B943B002832D2 /* Sources */,
				C421C4CA1F0B943B002832D2 /* Frameworks */,
				C421C4CB1F0B943B002832D2 /* Resources */,
			);
			buildRules = (
			);
			dependencies = (
			);
			name = pets;
			productName = pets;
			productReference = C421C4CD1F0B943B002832D2 /* pets.app */;
			productType = "com.apple.product-type.application";
		};
/* End PBXNativeTarget section */

/* Begin PBXProject section */
		C421C4C51F0B943B002832D2 /* Project object */ = {
			isa = PBXProject;
			attributes = {
				LastSwiftUpdateCheck = 0830;
				LastUpgradeCheck = 0830;
				ORGANIZATIONNAME = jerry;
				TargetAttributes = {
					C421C4CC1F0B943B002832D2 = {
						CreatedOnToolsVersion = 8.3.3;
						ProvisioningStyle = Automatic;
					};
				};
			};
			buildConfigurationList = C421C4C81F0B943B002832D2 /* Build configuration list for PBXProject "pets" */;
			compatibilityVersion = "Xcode 3.2";
			developmentRegion = English;
			hasScannedForEncodings = 0;
			knownRegions = (
				en,
				Base,
			);
			mainGroup = C421C4C41F0B943B002832D2;
			productRefGroup = C421C4CE1F0B943B002832D2 /* Products */;
			projectDirPath = "";
			projectRoot = "";
			targets = (
				C421C4CC1F0B943B002832D2 /* pets */,
			);
		};
/* End PBXProject section */

/* Begin PBXResourcesBuildPhase section */
		C421C4CB1F0B943B002832D2 /* Resources */ = {
			isa = PBXResourcesBuildPhase;
			buildActionMask = 2147483647;
			files = (
				C421C4D81F0B943B002832D2 /* Assets.xcassets in Resources */,
			);
			runOnlyForDeploymentPostprocessing = 0;
		};
/* End PBXResourcesBuildPhase section */

/* Begin PBXSourcesBuildPhase section */
		C421C4C91F0B943B002832D2 /* Sources */ = {
			isa = PBXSourcesBuildPhase;
			buildActionMask = 2147483647;
			files = (
				C421C4D31F0B943B002832D2 /* ViewController.swift in Sources */,
				C421C4D11F0B943B002832D2 /* AppDelegate.swift in Sources */,
				C421C4E51F0B9B37002832D2 /* ResultViewController.swift in Sources */,
				C421C4E71F0E24EF002832D2 /* DetailViewController.swift in Sources */,
			);
			runOnlyForDeploymentPostprocessing = 0;
		};
/* End PBXSourcesBuildPhase section */

/* Begin XCBuildConfiguration section */
		C421C4DD1F0B943B002832D2 /* Debug */ = {
			isa = XCBuildConfiguration;
			buildSettings = {
				ALWAYS_SEARCH_USER_PATHS = NO;
				CLANG_ANALYZER_NONNULL = YES;
				CLANG_ANALYZER_NUMBER_OBJECT_CONVERSION = YES_AGGRESSIVE;
				CLANG_CXX_LANGUAGE_STANDARD = "gnu++0x";
				CLANG_CXX_LIBRARY = "libc++";
				CLANG_ENABLE_MODULES = YES;
				CLANG_ENABLE_OBJC_ARC = YES;
				CLANG_WARN_BOOL_CONVERSION = YES;
				CLANG_WARN_CONSTANT_CONVERSION = YES;
				CLANG_WARN_DIRECT_OBJC_ISA_USAGE = YES_ERROR;
				CLANG_WARN_DOCUMENTATION_COMMENTS = YES;
				CLANG_WARN_EMPTY_BODY = YES;
				CLANG_WARN_ENUM_CONVERSION = YES;
				CLANG_WARN_INFINITE_RECURSION = YES;
				CLANG_WARN_INT_CONVERSION = YES;
				CLANG_WARN_OBJC_ROOT_CLASS = YES_ERROR;
				CLANG_WARN_SUSPICIOUS_MOVE = YES;
				CLANG_WARN_UNREACHABLE_CODE = YES;
				CLANG_WARN__DUPLICATE_METHOD_MATCH = YES;
				"CODE_SIGN_IDENTITY[sdk=iphoneos*]" = "iPhone Developer";
				COPY_PHASE_STRIP = NO;
				DEBUG_INFORMATION_FORMAT = dwarf;
				ENABLE_STRICT_OBJC_MSGSEND = YES;
				ENABLE_TESTABILITY = YES;
				GCC_C_LANGUAGE_STANDARD = gnu99;
				GCC_DYNAMIC_NO_PIC = NO;
				GCC_NO_COMMON_BLOCKS = YES;
				GCC_OPTIMIZATION_LEVEL = 0;
				GCC_PREPROCESSOR_DEFINITIONS = (
					"DEBUG=1",
					"$(inherited)",
				);
				GCC_WARN_64_TO_32_BIT_CONVERSION = YES;
				GCC_WARN_ABOUT_RETURN_TYPE = YES_ERROR;
				GCC_WARN_UNDECLARED_SELECTOR = YES;
				GCC_WARN_UNINITIALIZED_AUTOS = YES_AGGRESSIVE;
				GCC_WARN_UNUSED_FUNCTION = YES;
				GCC_WARN_UNUSED_VARIABLE = YES;
				IPHONEOS_DEPLOYMENT_TARGET = 10.3;
				MTL_ENABLE_DEBUG_INFO = YES;
				ONLY_ACTIVE_ARCH = YES;
				SDKROOT = iphoneos;
				SWIFT_ACTIVE_COMPILATION_CONDITIONS = DEBUG;
				SWIFT_OPTIMIZATION_LEVEL = "-Onone";
				TARGETED_DEVICE_FAMILY = "1,2";
			};
			name = Debug;
		};
		C421C4DE1F0B943B002832D2 /* Release */ = {
			isa = XCBuildConfiguration;
			buildSettings = {
				ALWAYS_SEARCH_USER_PATHS = NO;
				CLANG_ANALYZER_NONNULL = YES;
				CLANG_ANALYZER_NUMBER_OBJECT_CONVERSION = YES_AGGRESSIVE;
				CLANG_CXX_LANGUAGE_STANDARD = "gnu++0x";
				CLANG_CXX_LIBRARY = "libc++";
				CLANG_ENABLE_MODULES = YES;
				CLANG_ENABLE_OBJC_ARC = YES;
				CLANG_WARN_BOOL_CONVERSION = YES;
				CLANG_WARN_CONSTANT_CONVERSION = YES;
				CLANG_WARN_DIRECT_OBJC_ISA_USAGE = YES_ERROR;
				CLANG_WARN_DOCUMENTATION_COMMENTS = YES;
				CLANG_WARN_EMPTY_BODY = YES;
				CLANG_WARN_ENUM_CONVERSION = YES;
				CLANG_WARN_INFINITE_RECURSION = YES;
				CLANG_WARN_INT_CONVERSION = YES;
				CLANG_WARN_OBJC_ROOT_CLASS = YES_ERROR;
				CLANG_WARN_SUSPICIOUS_MOVE = YES;
				CLANG_WARN_UNREACHABLE_CODE = YES;
				CLANG_WARN__DUPLICATE_METHOD_MATCH = YES;
				"CODE_SIGN_IDENTITY[sdk=iphoneos*]" = "iPhone Developer";
				COPY_PHASE_STRIP = NO;
				DEBUG_INFORMATION_FORMAT = "dwarf-with-dsym";
				ENABLE_NS_ASSERTIONS = NO;
				ENABLE_STRICT_OBJC_MSGSEND = YES;
				GCC_C_LANGUAGE_STANDARD = gnu99;
				GCC_NO_COMMON_BLOCKS = YES;
				GCC_WARN_64_TO_32_BIT_CONVERSION = YES;
				GCC_WARN_ABOUT_RETURN_TYPE = YES_ERROR;
				GCC_WARN_UNDECLARED_SELECTOR = YES;
				GCC_WARN_UNINITIALIZED_AUTOS = YES_AGGRESSIVE;
				GCC_WARN_UNUSED_FUNCTION = YES;
				GCC_WARN_UNUSED_VARIABLE = YES;
				IPHONEOS_DEPLOYMENT_TARGET = 10.3;
				MTL_ENABLE_DEBUG_INFO = NO;
				SDKROOT = iphoneos;
				SWIFT_OPTIMIZATION_LEVEL = "-Owholemodule";
				TARGETED_DEVICE_FAMILY = "1,2";
				VALIDATE_PRODUCT = YES;
			};
			name = Release;
		};
		C421C4E01F0B943B002832D2 /* Debug */ = {
			isa = XCBuildConfiguration;
			buildSettings = {
				ASSETCATALOG_COMPILER_APPICON_NAME = AppIcon;
				INFOPLIST_FILE = pets/Info.plist;
				LD_RUNPATH_SEARCH_PATHS = "$(inherited) @executable_path/Frameworks";
				PRODUCT_BUNDLE_IDENTIFIER = s.pets;
				PRODUCT_NAME = "$(TARGET_NAME)";
				SWIFT_VERSION = 3.0;
				TARGETED_DEVICE_FAMILY = 1;
			};
			name = Debug;
		};
		C421C4E11F0B943B002832D2 /* Release */ = {
			isa = XCBuildConfiguration;
			buildSettings = {
				ASSETCATALOG_COMPILER_APPICON_NAME = AppIcon;
				INFOPLIST_FILE = pets/Info.plist;
				LD_RUNPATH_SEARCH_PATHS = "$(inherited) @executable_path/Frameworks";
				PRODUCT_BUNDLE_IDENTIFIER = s.pets;
				PRODUCT_NAME = "$(TARGET_NAME)";
				SWIFT_VERSION = 3.0;
				TARGETED_DEVICE_FAMILY = 1;
			};
			name = Release;
		};
/* End XCBuildConfiguration section */

/* Begin XCConfigurationList section */
		C421C4C81F0B943B002832D2 /* Build configuration list for PBXProject "pets" */ = {
			isa = XCConfigurationList;
			buildConfigurations = (
				C421C4DD1F0B943B002832D2 /* Debug */,
				C421C4DE1F0B943B002832D2 /* Release */,
			);
			defaultConfigurationIsVisible = 0;
			defaultConfigurationName = Release;
		};
		C421C4DF1F0B943B002832D2 /* Build configuration list for PBXNativeTarget "pets" */ = {
			isa = XCConfigurationList;
			buildConfigurations = (
				C421C4E01F0B943B002832D2 /* Debug */,
				C421C4E11F0B943B002832D2 /* Release */,
			);
			defaultConfigurationIsVisible = 0;
		};
/* End XCConfigurationList section */
	};
	rootObject = C421C4C51F0B943B002832D2 /* Project object */;
}
